// !$*UTF8*$!
{
	archiveVersion = 1;
	classes = {
	};
	objectVersion = 50;
	objects = {

/* Begin PBXBuildFile section */
		EB6600D02326536E0068C228 /* AppDelegate.swift in Sources */ = {isa = PBXBuildFile; fileRef = EB6600CF2326536E0068C228 /* AppDelegate.swift */; };
		EB6600D72326536E0068C228 /* Main.storyboard in Resources */ = {isa = PBXBuildFile; fileRef = EB6600D52326536E0068C228 /* Main.storyboard */; };
		EB6600D92326536F0068C228 /* Assets.xcassets in Resources */ = {isa = PBXBuildFile; fileRef = EB6600D82326536F0068C228 /* Assets.xcassets */; };
		EB6600DC2326536F0068C228 /* LaunchScreen.storyboard in Resources */ = {isa = PBXBuildFile; fileRef = EB6600DA2326536F0068C228 /* LaunchScreen.storyboard */; };
		EB6600E4232659000068C228 /* ButtonWithBorder.swift in Sources */ = {isa = PBXBuildFile; fileRef = EB6600E3232659000068C228 /* ButtonWithBorder.swift */; };
		EB6600E6232662E70068C228 /* Additional.storyboard in Resources */ = {isa = PBXBuildFile; fileRef = EB6600E5232662E70068C228 /* Additional.storyboard */; };
		EB6600E8232664D90068C228 /* BlackBoxView.xib in Resources */ = {isa = PBXBuildFile; fileRef = EB6600E7232664D90068C228 /* BlackBoxView.xib */; };
		EB6600EC2326671B0068C228 /* XibView.swift in Sources */ = {isa = PBXBuildFile; fileRef = EB6600EB2326671B0068C228 /* XibView.swift */; };
		EB6600EE232668900068C228 /* WhiteBoxView.xib in Resources */ = {isa = PBXBuildFile; fileRef = EB6600ED232668900068C228 /* WhiteBoxView.xib */; };
		EBB37381232E187C00F63A9F /* ViewControllerLifecycleBehavior.swift in Sources */ = {isa = PBXBuildFile; fileRef = EBB37380232E187C00F63A9F /* ViewControllerLifecycleBehavior.swift */; };
		EBB37385232E192B00F63A9F /* CounterBehaviour.swift in Sources */ = {isa = PBXBuildFile; fileRef = EBB37384232E192B00F63A9F /* CounterBehaviour.swift */; };
		EBB37388232E1B8B00F63A9F /* BenchmarkViewController.swift in Sources */ = {isa = PBXBuildFile; fileRef = EBB37387232E1B8B00F63A9F /* BenchmarkViewController.swift */; };
		EBB3738B232E274000F63A9F /* ProfileViewController.swift in Sources */ = {isa = PBXBuildFile; fileRef = EBB3738A232E274000F63A9F /* ProfileViewController.swift */; };
		EBB3738D232E27B600F63A9F /* ThirdViewController.swift in Sources */ = {isa = PBXBuildFile; fileRef = EBB3738C232E27B600F63A9F /* ThirdViewController.swift */; };
		EBB37390232E2D6E00F63A9F /* NavigationBarColorBehaviour.swift in Sources */ = {isa = PBXBuildFile; fileRef = EBB3738F232E2D6E00F63A9F /* NavigationBarColorBehaviour.swift */; };
/* End PBXBuildFile section */

/* Begin PBXFileReference section */
		EB6600CC2326536E0068C228 /* HomeWork.app */ = {isa = PBXFileReference; explicitFileType = wrapper.application; includeInIndex = 0; path = HomeWork.app; sourceTree = BUILT_PRODUCTS_DIR; };
		EB6600CF2326536E0068C228 /* AppDelegate.swift */ = {isa = PBXFileReference; lastKnownFileType = sourcecode.swift; path = AppDelegate.swift; sourceTree = "<group>"; };
		EB6600D62326536E0068C228 /* Base */ = {isa = PBXFileReference; lastKnownFileType = file.storyboard; name = Base; path = Base.lproj/Main.storyboard; sourceTree = "<group>"; };
		EB6600D82326536F0068C228 /* Assets.xcassets */ = {isa = PBXFileReference; lastKnownFileType = folder.assetcatalog; path = Assets.xcassets; sourceTree = "<group>"; };
		EB6600DB2326536F0068C228 /* Base */ = {isa = PBXFileReference; lastKnownFileType = file.storyboard; name = Base; path = Base.lproj/LaunchScreen.storyboard; sourceTree = "<group>"; };
		EB6600DD2326536F0068C228 /* Info.plist */ = {isa = PBXFileReference; lastKnownFileType = text.plist.xml; path = Info.plist; sourceTree = "<group>"; };
		EB6600E3232659000068C228 /* ButtonWithBorder.swift */ = {isa = PBXFileReference; lastKnownFileType = sourcecode.swift; path = ButtonWithBorder.swift; sourceTree = "<group>"; };
		EB6600E5232662E70068C228 /* Additional.storyboard */ = {isa = PBXFileReference; lastKnownFileType = file.storyboard; path = Additional.storyboard; sourceTree = "<group>"; };
		EB6600E7232664D90068C228 /* BlackBoxView.xib */ = {isa = PBXFileReference; lastKnownFileType = file.xib; path = BlackBoxView.xib; sourceTree = "<group>"; };
		EB6600EB2326671B0068C228 /* XibView.swift */ = {isa = PBXFileReference; lastKnownFileType = sourcecode.swift; path = XibView.swift; sourceTree = "<group>"; };
		EB6600ED232668900068C228 /* WhiteBoxView.xib */ = {isa = PBXFileReference; lastKnownFileType = file.xib; path = WhiteBoxView.xib; sourceTree = "<group>"; };
		EBB37380232E187C00F63A9F /* ViewControllerLifecycleBehavior.swift */ = {isa = PBXFileReference; fileEncoding = 4; lastKnownFileType = sourcecode.swift; path = ViewControllerLifecycleBehavior.swift; sourceTree = "<group>"; };
		EBB37384232E192B00F63A9F /* CounterBehaviour.swift */ = {isa = PBXFileReference; lastKnownFileType = sourcecode.swift; path = CounterBehaviour.swift; sourceTree = "<group>"; };
		EBB37387232E1B8B00F63A9F /* BenchmarkViewController.swift */ = {isa = PBXFileReference; lastKnownFileType = sourcecode.swift; path = BenchmarkViewController.swift; sourceTree = "<group>"; };
		EBB3738A232E274000F63A9F /* ProfileViewController.swift */ = {isa = PBXFileReference; lastKnownFileType = sourcecode.swift; path = ProfileViewController.swift; sourceTree = "<group>"; };
		EBB3738C232E27B600F63A9F /* ThirdViewController.swift */ = {isa = PBXFileReference; lastKnownFileType = sourcecode.swift; path = ThirdViewController.swift; sourceTree = "<group>"; };
		EBB3738F232E2D6E00F63A9F /* NavigationBarColorBehaviour.swift */ = {isa = PBXFileReference; lastKnownFileType = sourcecode.swift; path = NavigationBarColorBehaviour.swift; sourceTree = "<group>"; };
/* End PBXFileReference section */

/* Begin PBXFrameworksBuildPhase section */
		EB6600C92326536E0068C228 /* Frameworks */ = {
			isa = PBXFrameworksBuildPhase;
			buildActionMask = 2147483647;
			files = (
			);
			runOnlyForDeploymentPostprocessing = 0;
		};
/* End PBXFrameworksBuildPhase section */

/* Begin PBXGroup section */
		EB6600C32326536E0068C228 = {
			isa = PBXGroup;
			children = (
				EB6600CE2326536E0068C228 /* HomeWork */,
				EB6600CD2326536E0068C228 /* Products */,
			);
			sourceTree = "<group>";
		};
		EB6600CD2326536E0068C228 /* Products */ = {
			isa = PBXGroup;
			children = (
				EB6600CC2326536E0068C228 /* HomeWork.app */,
			);
			name = Products;
			sourceTree = "<group>";
		};
		EB6600CE2326536E0068C228 /* HomeWork */ = {
			isa = PBXGroup;
			children = (
				EBB3737A232E173600F63A9F /* Controllers */,
				EBB37379232E172E00F63A9F /* Views */,
				EBB3737F232E184000F63A9F /* Helpers */,
				EBB37378232E160500F63A9F /* Supporting Files */,
			);
			path = HomeWork;
			sourceTree = "<group>";
		};
		EBB37378232E160500F63A9F /* Supporting Files */ = {
			isa = PBXGroup;
			children = (
				EB6600CF2326536E0068C228 /* AppDelegate.swift */,
				EBB3737E232E17F800F63A9F /* Storyboards */,
				EB6600D82326536F0068C228 /* Assets.xcassets */,
				EB6600DD2326536F0068C228 /* Info.plist */,
				EB6600DA2326536F0068C228 /* LaunchScreen.storyboard */,
			);
			path = "Supporting Files";
			sourceTree = "<group>";
		};
		EBB37379232E172E00F63A9F /* Views */ = {
			isa = PBXGroup;
			children = (
				EBB3737C232E178500F63A9F /* ButtowWithBorded */,
				EBB3737B232E177300F63A9F /* XibView */,
				EB6600E7232664D90068C228 /* BlackBoxView.xib */,
				EB6600ED232668900068C228 /* WhiteBoxView.xib */,
			);
			path = Views;
			sourceTree = "<group>";
		};
		EBB3737A232E173600F63A9F /* Controllers */ = {
			isa = PBXGroup;
			children = (
				EBB37386232E1B7500F63A9F /* Benchmark */,
				EBB3738E232E2C2A00F63A9F /* Feed */,
				EBB37389232E26D900F63A9F /* Profile */,
			);
			path = Controllers;
			sourceTree = "<group>";
		};
		EBB3737B232E177300F63A9F /* XibView */ = {
			isa = PBXGroup;
			children = (
				EB6600EB2326671B0068C228 /* XibView.swift */,
			);
			path = XibView;
			sourceTree = "<group>";
		};
		EBB3737C232E178500F63A9F /* ButtowWithBorded */ = {
			isa = PBXGroup;
			children = (
				EB6600E3232659000068C228 /* ButtonWithBorder.swift */,
			);
			path = ButtowWithBorded;
			sourceTree = "<group>";
		};
		EBB3737E232E17F800F63A9F /* Storyboards */ = {
			isa = PBXGroup;
			children = (
				EB6600E5232662E70068C228 /* Additional.storyboard */,
				EB6600D52326536E0068C228 /* Main.storyboard */,
			);
			path = Storyboards;
			sourceTree = "<group>";
		};
		EBB3737F232E184000F63A9F /* Helpers */ = {
			isa = PBXGroup;
			children = (
				EBB37382232E18C700F63A9F /* LifecycleBehaviour */,
			);
			path = Helpers;
			sourceTree = "<group>";
		};
		EBB37382232E18C700F63A9F /* LifecycleBehaviour */ = {
			isa = PBXGroup;
			children = (
				EBB37384232E192B00F63A9F /* CounterBehaviour.swift */,
				EBB3738F232E2D6E00F63A9F /* NavigationBarColorBehaviour.swift */,
				EBB37380232E187C00F63A9F /* ViewControllerLifecycleBehavior.swift */,
			);
			path = LifecycleBehaviour;
			sourceTree = "<group>";
		};
		EBB37386232E1B7500F63A9F /* Benchmark */ = {
			isa = PBXGroup;
			children = (
				EBB37387232E1B8B00F63A9F /* BenchmarkViewController.swift */,
			);
			path = Benchmark;
			sourceTree = "<group>";
		};
		EBB37389232E26D900F63A9F /* Profile */ = {
			isa = PBXGroup;
			children = (
				EBB3738A232E274000F63A9F /* ProfileViewController.swift */,
			);
			path = Profile;
			sourceTree = "<group>";
		};
		EBB3738E232E2C2A00F63A9F /* Feed */ = {
			isa = PBXGroup;
			children = (
				EBB3738C232E27B600F63A9F /* ThirdViewController.swift */,
			);
			path = Feed;
			sourceTree = "<group>";
		};
/* End PBXGroup section */

/* Begin PBXNativeTarget section */
		EB6600CB2326536E0068C228 /* HomeWork */ = {
			isa = PBXNativeTarget;
			buildConfigurationList = EB6600E02326536F0068C228 /* Build configuration list for PBXNativeTarget "HomeWork" */;
			buildPhases = (
				EB6600C82326536E0068C228 /* Sources */,
				EB6600C92326536E0068C228 /* Frameworks */,
				EB6600CA2326536E0068C228 /* Resources */,
			);
			buildRules = (
			);
			dependencies = (
			);
			name = HomeWork;
			productName = HomeWork;
			productReference = EB6600CC2326536E0068C228 /* HomeWork.app */;
			productType = "com.apple.product-type.application";
		};
/* End PBXNativeTarget section */

/* Begin PBXProject section */
		EB6600C42326536E0068C228 /* Project object */ = {
			isa = PBXProject;
			attributes = {
				LastSwiftUpdateCheck = 1100;
				LastUpgradeCheck = 1100;
				ORGANIZATIONNAME = KontoCloud;
				TargetAttributes = {
					EB6600CB2326536E0068C228 = {
						CreatedOnToolsVersion = 11.0;
					};
				};
			};
			buildConfigurationList = EB6600C72326536E0068C228 /* Build configuration list for PBXProject "HomeWork" */;
			compatibilityVersion = "Xcode 9.3";
			developmentRegion = en;
			hasScannedForEncodings = 0;
			knownRegions = (
				en,
				Base,
			);
			mainGroup = EB6600C32326536E0068C228;
			productRefGroup = EB6600CD2326536E0068C228 /* Products */;
			projectDirPath = "";
			projectRoot = "";
			targets = (
				EB6600CB2326536E0068C228 /* HomeWork */,
			);
		};
/* End PBXProject section */

/* Begin PBXResourcesBuildPhase section */
		EB6600CA2326536E0068C228 /* Resources */ = {
			isa = PBXResourcesBuildPhase;
			buildActionMask = 2147483647;
			files = (
				EB6600DC2326536F0068C228 /* LaunchScreen.storyboard in Resources */,
				EB6600E6232662E70068C228 /* Additional.storyboard in Resources */,
				EB6600D92326536F0068C228 /* Assets.xcassets in Resources */,
				EB6600E8232664D90068C228 /* BlackBoxView.xib in Resources */,
				EB6600EE232668900068C228 /* WhiteBoxView.xib in Resources */,
				EB6600D72326536E0068C228 /* Main.storyboard in Resources */,
			);
			runOnlyForDeploymentPostprocessing = 0;
		};
/* End PBXResourcesBuildPhase section */

/* Begin PBXSourcesBuildPhase section */
		EB6600C82326536E0068C228 /* Sources */ = {
			isa = PBXSourcesBuildPhase;
			buildActionMask = 2147483647;
			files = (
				EBB37385232E192B00F63A9F /* CounterBehaviour.swift in Sources */,
				EBB37388232E1B8B00F63A9F /* BenchmarkViewController.swift in Sources */,
				EB6600D02326536E0068C228 /* AppDelegate.swift in Sources */,
				EB6600EC2326671B0068C228 /* XibView.swift in Sources */,
				EBB3738B232E274000F63A9F /* ProfileViewController.swift in Sources */,
				EBB37381232E187C00F63A9F /* ViewControllerLifecycleBehavior.swift in Sources */,
				EBB37390232E2D6E00F63A9F /* NavigationBarColorBehaviour.swift in Sources */,
				EBB3738D232E27B600F63A9F /* ThirdViewController.swift in Sources */,
				EB6600E4232659000068C228 /* ButtonWithBorder.swift in Sources */,
			);
			runOnlyForDeploymentPostprocessing = 0;
		};
/* End PBXSourcesBuildPhase section */

/* Begin PBXVariantGroup section */
		EB6600D52326536E0068C228 /* Main.storyboard */ = {
			isa = PBXVariantGroup;
			children = (
				EB6600D62326536E0068C228 /* Base */,
			);
			name = Main.storyboard;
			sourceTree = "<group>";
		};
		EB6600DA2326536F0068C228 /* LaunchScreen.storyboard */ = {
			isa = PBXVariantGroup;
			children = (
				EB6600DB2326536F0068C228 /* Base */,
			);
			name = LaunchScreen.storyboard;
			sourceTree = "<group>";
		};
/* End PBXVariantGroup section */

/* Begin XCBuildConfiguration section */
		EB6600DE2326536F0068C228 /* Debug */ = {
			isa = XCBuildConfiguration;
			buildSettings = {
				ALWAYS_SEARCH_USER_PATHS = NO;
				CLANG_ANALYZER_NONNULL = YES;
				CLANG_ANALYZER_NUMBER_OBJECT_CONVERSION = YES_AGGRESSIVE;
				CLANG_CXX_LANGUAGE_STANDARD = "gnu++14";
				CLANG_CXX_LIBRARY = "libc++";
				CLANG_ENABLE_MODULES = YES;
				CLANG_ENABLE_OBJC_ARC = YES;
				CLANG_ENABLE_OBJC_WEAK = YES;
				CLANG_WARN_BLOCK_CAPTURE_AUTORELEASING = YES;
				CLANG_WARN_BOOL_CONVERSION = YES;
				CLANG_WARN_COMMA = YES;
				CLANG_WARN_CONSTANT_CONVERSION = YES;
				CLANG_WARN_DEPRECATED_OBJC_IMPLEMENTATIONS = YES;
				CLANG_WARN_DIRECT_OBJC_ISA_USAGE = YES_ERROR;
				CLANG_WARN_DOCUMENTATION_COMMENTS = YES;
				CLANG_WARN_EMPTY_BODY = YES;
				CLANG_WARN_ENUM_CONVERSION = YES;
				CLANG_WARN_INFINITE_RECURSION = YES;
				CLANG_WARN_INT_CONVERSION = YES;
				CLANG_WARN_NON_LITERAL_NULL_CONVERSION = YES;
				CLANG_WARN_OBJC_IMPLICIT_RETAIN_SELF = YES;
				CLANG_WARN_OBJC_LITERAL_CONVERSION = YES;
				CLANG_WARN_OBJC_ROOT_CLASS = YES_ERROR;
				CLANG_WARN_RANGE_LOOP_ANALYSIS = YES;
				CLANG_WARN_STRICT_PROTOTYPES = YES;
				CLANG_WARN_SUSPICIOUS_MOVE = YES;
				CLANG_WARN_UNGUARDED_AVAILABILITY = YES_AGGRESSIVE;
				CLANG_WARN_UNREACHABLE_CODE = YES;
				CLANG_WARN__DUPLICATE_METHOD_MATCH = YES;
				COPY_PHASE_STRIP = NO;
				DEBUG_INFORMATION_FORMAT = dwarf;
				ENABLE_STRICT_OBJC_MSGSEND = YES;
				ENABLE_TESTABILITY = YES;
				GCC_C_LANGUAGE_STANDARD = gnu11;
				GCC_DYNAMIC_NO_PIC = NO;
				GCC_NO_COMMON_BLOCKS = YES;
				GCC_OPTIMIZATION_LEVEL = 0;
				GCC_PREPROCESSOR_DEFINITIONS = (
					"DEBUG=1",
					"$(inherited)",
				);
				GCC_WARN_64_TO_32_BIT_CONVERSION = YES;
				GCC_WARN_ABOUT_RETURN_TYPE = YES_ERROR;
				GCC_WARN_UNDECLARED_SELECTOR = YES;
				GCC_WARN_UNINITIALIZED_AUTOS = YES_AGGRESSIVE;
				GCC_WARN_UNUSED_FUNCTION = YES;
				GCC_WARN_UNUSED_VARIABLE = YES;
				IPHONEOS_DEPLOYMENT_TARGET = 13.0;
				MTL_ENABLE_DEBUG_INFO = INCLUDE_SOURCE;
				MTL_FAST_MATH = YES;
				ONLY_ACTIVE_ARCH = YES;
				SDKROOT = iphoneos;
				SWIFT_ACTIVE_COMPILATION_CONDITIONS = DEBUG;
				SWIFT_OPTIMIZATION_LEVEL = "-Onone";
			};
			name = Debug;
		};
		EB6600DF2326536F0068C228 /* Release */ = {
			isa = XCBuildConfiguration;
			buildSettings = {
				ALWAYS_SEARCH_USER_PATHS = NO;
				CLANG_ANALYZER_NONNULL = YES;
				CLANG_ANALYZER_NUMBER_OBJECT_CONVERSION = YES_AGGRESSIVE;
				CLANG_CXX_LANGUAGE_STANDARD = "gnu++14";
				CLANG_CXX_LIBRARY = "libc++";
				CLANG_ENABLE_MODULES = YES;
				CLANG_ENABLE_OBJC_ARC = YES;
				CLANG_ENABLE_OBJC_WEAK = YES;
				CLANG_WARN_BLOCK_CAPTURE_AUTORELEASING = YES;
				CLANG_WARN_BOOL_CONVERSION = YES;
				CLANG_WARN_COMMA = YES;
				CLANG_WARN_CONSTANT_CONVERSION = YES;
				CLANG_WARN_DEPRECATED_OBJC_IMPLEMENTATIONS = YES;
				CLANG_WARN_DIRECT_OBJC_ISA_USAGE = YES_ERROR;
				CLANG_WARN_DOCUMENTATION_COMMENTS = YES;
				CLANG_WARN_EMPTY_BODY = YES;
				CLANG_WARN_ENUM_CONVERSION = YES;
				CLANG_WARN_INFINITE_RECURSION = YES;
				CLANG_WARN_INT_CONVERSION = YES;
				CLANG_WARN_NON_LITERAL_NULL_CONVERSION = YES;
				CLANG_WARN_OBJC_IMPLICIT_RETAIN_SELF = YES;
				CLANG_WARN_OBJC_LITERAL_CONVERSION = YES;
				CLANG_WARN_OBJC_ROOT_CLASS = YES_ERROR;
				CLANG_WARN_RANGE_LOOP_ANALYSIS = YES;
				CLANG_WARN_STRICT_PROTOTYPES = YES;
				CLANG_WARN_SUSPICIOUS_MOVE = YES;
				CLANG_WARN_UNGUARDED_AVAILABILITY = YES_AGGRESSIVE;
				CLANG_WARN_UNREACHABLE_CODE = YES;
				CLANG_WARN__DUPLICATE_METHOD_MATCH = YES;
				COPY_PHASE_STRIP = NO;
				DEBUG_INFORMATION_FORMAT = "dwarf-with-dsym";
				ENABLE_NS_ASSERTIONS = NO;
				ENABLE_STRICT_OBJC_MSGSEND = YES;
				GCC_C_LANGUAGE_STANDARD = gnu11;
				GCC_NO_COMMON_BLOCKS = YES;
				GCC_WARN_64_TO_32_BIT_CONVERSION = YES;
				GCC_WARN_ABOUT_RETURN_TYPE = YES_ERROR;
				GCC_WARN_UNDECLARED_SELECTOR = YES;
				GCC_WARN_UNINITIALIZED_AUTOS = YES_AGGRESSIVE;
				GCC_WARN_UNUSED_FUNCTION = YES;
				GCC_WARN_UNUSED_VARIABLE = YES;
				IPHONEOS_DEPLOYMENT_TARGET = 13.0;
				MTL_ENABLE_DEBUG_INFO = NO;
				MTL_FAST_MATH = YES;
				SDKROOT = iphoneos;
				SWIFT_COMPILATION_MODE = wholemodule;
				SWIFT_OPTIMIZATION_LEVEL = "-O";
				VALIDATE_PRODUCT = YES;
			};
			name = Release;
		};
		EB6600E12326536F0068C228 /* Debug */ = {
			isa = XCBuildConfiguration;
			buildSettings = {
				ASSETCATALOG_COMPILER_APPICON_NAME = AppIcon;
				CODE_SIGN_STYLE = Automatic;
				DEVELOPMENT_TEAM = A9H7LDC66S;
				INFOPLIST_FILE = "HomeWork/Supporting Files/Info.plist";
				IPHONEOS_DEPLOYMENT_TARGET = 12.0;
				LD_RUNPATH_SEARCH_PATHS = (
					"$(inherited)",
					"@executable_path/Frameworks",
				);
				PRODUCT_BUNDLE_IDENTIFIER = otus.HomeWork;
				PRODUCT_NAME = "$(TARGET_NAME)";
				SWIFT_VERSION = 5.0;
				TARGETED_DEVICE_FAMILY = "1,2";
			};
			name = Debug;
		};
		EB6600E22326536F0068C228 /* Release */ = {
			isa = XCBuildConfiguration;
			buildSettings = {
				ASSETCATALOG_COMPILER_APPICON_NAME = AppIcon;
				CODE_SIGN_STYLE = Automatic;
				DEVELOPMENT_TEAM = A9H7LDC66S;
				INFOPLIST_FILE = "HomeWork/Supporting Files/Info.plist";
				IPHONEOS_DEPLOYMENT_TARGET = 12.0;
				LD_RUNPATH_SEARCH_PATHS = (
					"$(inherited)",
					"@executable_path/Frameworks",
				);
				PRODUCT_BUNDLE_IDENTIFIER = otus.HomeWork;
				PRODUCT_NAME = "$(TARGET_NAME)";
				SWIFT_VERSION = 5.0;
				TARGETED_DEVICE_FAMILY = "1,2";
			};
			name = Release;
		};
/* End XCBuildConfiguration section */

/* Begin XCConfigurationList section */
		EB6600C72326536E0068C228 /* Build configuration list for PBXProject "HomeWork" */ = {
			isa = XCConfigurationList;
			buildConfigurations = (
				EB6600DE2326536F0068C228 /* Debug */,
				EB6600DF2326536F0068C228 /* Release */,
			);
			defaultConfigurationIsVisible = 0;
			defaultConfigurationName = Release;
		};
		EB6600E02326536F0068C228 /* Build configuration list for PBXNativeTarget "HomeWork" */ = {
			isa = XCConfigurationList;
			buildConfigurations = (
				EB6600E12326536F0068C228 /* Debug */,
				EB6600E22326536F0068C228 /* Release */,
			);
			defaultConfigurationIsVisible = 0;
			defaultConfigurationName = Release;
		};
/* End XCConfigurationList section */
	};
	rootObject = EB6600C42326536E0068C228 /* Project object */;
}
